Microsoft Visual Studio Solution File, Format Version 12.00
# Visual Studio 2012
Project("{FAE04EC0-301F-11D3-BF4B-00C04F79EFBC}") = "ShineBallGame", "ShineBallGame.csproj", "{ED637AAC-A99D-4777-9CCB-FCC82BED227A}"
EndProject
Global
	GlobalSection(SolutionConfigurationPlatforms) = preSolution
	Debug|Any CPU = Debug|Any CPU
	ExportDebug|Any CPU = ExportDebug|Any CPU
	ExportRelease|Any CPU = ExportRelease|Any CPU
	EndGlobalSection
	GlobalSection(ProjectConfigurationPlatforms) = postSolution
		{ED637AAC-A99D-4777-9CCB-FCC82BED227A}.Debug|Any CPU.ActiveCfg = Debug|Any CPU
		{ED637AAC-A99D-4777-9CCB-FCC82BED227A}.Debug|Any CPU.Build.0 = Debug|Any CPU
		{ED637AAC-A99D-4777-9CCB-FCC82BED227A}.ExportDebug|Any CPU.ActiveCfg = ExportDebug|Any CPU
		{ED637AAC-A99D-4777-9CCB-FCC82BED227A}.ExportDebug|Any CPU.Build.0 = ExportDebug|Any CPU
		{ED637AAC-A99D-4777-9CCB-FCC82BED227A}.ExportRelease|Any CPU.ActiveCfg = ExportRelease|Any CPU
		{ED637AAC-A99D-4777-9CCB-FCC82BED227A}.ExportRelease|Any CPU.Build.0 = ExportRelease|Any CPU
	EndGlobalSection
EndGlobal
